
Microsoft Visual Studio Solution File, Format Version 12.00
# Visual Studio 15
VisualStudioVersion = 15.0.27130.2026
MinimumVisualStudioVersion = 10.0.40219.1
Project("{FAE04EC0-301F-11D3-BF4B-00C04F79EFBC}") = "MD.UserAccount", "MD.UserAccount\MD.UserAccount.csproj", "{5E24BE81-4D04-4CA2-8C30-13599A11B7E2}"
EndProject
Project("{FAE04EC0-301F-11D3-BF4B-00C04F79EFBC}") = "MD.API.Common", "..\MD.Core\MD.API.Common\MD.API.Common.csproj", "{A6871A38-F692-4F51-8FA6-2A7B7FB69A5E}"
EndProject
Project("{FAE04EC0-301F-11D3-BF4B-00C04F79EFBC}") = "MD.Authorization", "..\MD.Core\MD.Authorization\MD.Authorization.csproj", "{EA84C708-4ED6-48E8-86D9-3FD2F6D5A421}"
EndProject
Project("{FAE04EC0-301F-11D3-BF4B-00C04F79EFBC}") = "MD.OAuthProviders", "MD.OAuthProviders\MD.OAuthProviders.csproj", "{7A9EAE54-6532-48CB-A281-FD4148D8F280}"
EndProject
Global
	GlobalSection(SolutionConfigurationPlatforms) = preSolution
		Debug|Any CPU = Debug|Any CPU
		Release|Any CPU = Release|Any CPU
	EndGlobalSection
	GlobalSection(ProjectConfigurationPlatforms) = postSolution
		{5E24BE81-4D04-4CA2-8C30-13599A11B7E2}.Debug|Any CPU.ActiveCfg = Debug|Any CPU
		{5E24BE81-4D04-4CA2-8C30-13599A11B7E2}.Debug|Any CPU.Build.0 = Debug|Any CPU
		{5E24BE81-4D04-4CA2-8C30-13599A11B7E2}.Release|Any CPU.ActiveCfg = Release|Any CPU
		{5E24BE81-4D04-4CA2-8C30-13599A11B7E2}.Release|Any CPU.Build.0 = Release|Any CPU
		{A6871A38-F692-4F51-8FA6-2A7B7FB69A5E}.Debug|Any CPU.ActiveCfg = Debug|Any CPU
		{A6871A38-F692-4F51-8FA6-2A7B7FB69A5E}.Debug|Any CPU.Build.0 = Debug|Any CPU
		{A6871A38-F692-4F51-8FA6-2A7B7FB69A5E}.Release|Any CPU.ActiveCfg = Release|Any CPU
		{A6871A38-F692-4F51-8FA6-2A7B7FB69A5E}.Release|Any CPU.Build.0 = Release|Any CPU
		{EA84C708-4ED6-48E8-86D9-3FD2F6D5A421}.Debug|Any CPU.ActiveCfg = Debug|Any CPU
		{EA84C708-4ED6-48E8-86D9-3FD2F6D5A421}.Debug|Any CPU.Build.0 = Debug|Any CPU
		{EA84C708-4ED6-48E8-86D9-3FD2F6D5A421}.Release|Any CPU.ActiveCfg = Release|Any CPU
		{EA84C708-4ED6-48E8-86D9-3FD2F6D5A421}.Release|Any CPU.Build.0 = Release|Any CPU
		{7A9EAE54-6532-48CB-A281-FD4148D8F280}.Debug|Any CPU.ActiveCfg = Debug|Any CPU
		{7A9EAE54-6532-48CB-A281-FD4148D8F280}.Debug|Any CPU.Build.0 = Debug|Any CPU
		{7A9EAE54-6532-48CB-A281-FD4148D8F280}.Release|Any CPU.ActiveCfg = Release|Any CPU
		{7A9EAE54-6532-48CB-A281-FD4148D8F280}.Release|Any CPU.Build.0 = Release|Any CPU
	EndGlobalSection
	GlobalSection(SolutionProperties) = preSolution
		HideSolutionNode = FALSE
	EndGlobalSection
	GlobalSection(ExtensibilityGlobals) = postSolution
		SolutionGuid = {87588D26-A44F-4AA5-A0E5-41A3147D0CDA}
	EndGlobalSection
EndGlobal
